
Microsoft Visual Studio Solution File, Format Version 12.00
# Visual Studio Version 16
VisualStudioVersion = 16.0.30717.126
MinimumVisualStudioVersion = 10.0.40219.1
Project("{9A19103F-16F7-4668-BE54-9A1E7A4F7556}") = "JMSProducer2", "JMSProducer\JMSProducer2.csproj", "{B3D46739-4BA4-49F9-9006-926524AB873C}"
EndProject
Project("{9A19103F-16F7-4668-BE54-9A1E7A4F7556}") = "JMSProducer", "..\JMSProducer\JMSProducer\JMSProducer.csproj", "{35CD102D-ED64-471B-B575-2731DE06C5CD}"
EndProject
Global
	GlobalSection(SolutionConfigurationPlatforms) = preSolution
		Debug|Any CPU = Debug|Any CPU
		Release|Any CPU = Release|Any CPU
	EndGlobalSection
	GlobalSection(ProjectConfigurationPlatforms) = postSolution
		{B3D46739-4BA4-49F9-9006-926524AB873C}.Debug|Any CPU.ActiveCfg = Debug|Any CPU
		{B3D46739-4BA4-49F9-9006-926524AB873C}.Debug|Any CPU.Build.0 = Debug|Any CPU
		{B3D46739-4BA4-49F9-9006-926524AB873C}.Release|Any CPU.ActiveCfg = Release|Any CPU
		{B3D46739-4BA4-49F9-9006-926524AB873C}.Release|Any CPU.Build.0 = Release|Any CPU
		{35CD102D-ED64-471B-B575-2731DE06C5CD}.Debug|Any CPU.ActiveCfg = Debug|Any CPU
		{35CD102D-ED64-471B-B575-2731DE06C5CD}.Debug|Any CPU.Build.0 = Debug|Any CPU
		{35CD102D-ED64-471B-B575-2731DE06C5CD}.Release|Any CPU.ActiveCfg = Release|Any CPU
		{35CD102D-ED64-471B-B575-2731DE06C5CD}.Release|Any CPU.Build.0 = Release|Any CPU
	EndGlobalSection
	GlobalSection(SolutionProperties) = preSolution
		HideSolutionNode = FALSE
	EndGlobalSection
	GlobalSection(ExtensibilityGlobals) = postSolution
		SolutionGuid = {2B7FFEE6-2176-49E4-B171-B9E74F19FCE5}
	EndGlobalSection
EndGlobal
